Microsoft Visual Studio Solution File, Format Version 12.00
# Visual Studio Version 17
VisualStudioVersion = 17.5.2.0
MinimumVisualStudioVersion = 10.0.40219.1
Project("{2150E333-8FDC-42A3-9474-1A3956D46DE8}") = "ShoppingManager", "ShoppingManager", "{C03BBACB-DE61-0C54-3577-A148D74783EB}"
EndProject
Project("{FAE04EC0-301F-11D3-BF4B-00C04F79EFBC}") = "Shopping.API", "ShoppingManager\Shopping.API\Shopping.API.csproj", "{3B617DA4-0F98-6AAA-FD89-B6D82A540417}"
EndProject
Project("{FAE04EC0-301F-11D3-BF4B-00C04F79EFBC}") = "Shopping.Tests", "ShoppingManager\Shopping.Tests\Shopping.Tests.csproj", "{C490DB1B-FC9F-4F1C-DA1F-C4925C555BE4}"
EndProject
Project("{2150E333-8FDC-42A3-9474-1A3956D46DE8}") = "Shopping.Platform", "Shopping.Platform", "{7BBE630B-088D-3894-907C-E2C4E8023468}"
EndProject
Project("{FAE04EC0-301F-11D3-BF4B-00C04F79EFBC}") = "Shopping.Platform.Common", "ShoppingManager\Shopping.Platform\Shopping.Platform.Common\Shopping.Platform.Common.csproj", "{1E886DDB-2C3C-F1E7-4212-FC0AEC8F8938}"
EndProject
Project("{FAE04EC0-301F-11D3-BF4B-00C04F79EFBC}") = "Shopping.Platform.Repositories", "ShoppingManager\Shopping.Platform\Shopping.Platform.Repositories\Shopping.Platform.Repositories.csproj", "{C1A62A43-85D3-500A-0803-D2D7CBF63353}"
EndProject
Project("{FAE04EC0-301F-11D3-BF4B-00C04F79EFBC}") = "Shopping.Platform.Service", "ShoppingManager\Shopping.Platform\Shopping.Platform.Service\Shopping.Platform.Service.csproj", "{A4B52B6A-A7CF-B399-358E-8E344101CD51}"
EndProject
Global
	GlobalSection(SolutionConfigurationPlatforms) = preSolution
		Debug|Any CPU = Debug|Any CPU
		Release|Any CPU = Release|Any CPU
	EndGlobalSection
	GlobalSection(ProjectConfigurationPlatforms) = postSolution
		{3B617DA4-0F98-6AAA-FD89-B6D82A540417}.Debug|Any CPU.ActiveCfg = Debug|Any CPU
		{3B617DA4-0F98-6AAA-FD89-B6D82A540417}.Debug|Any CPU.Build.0 = Debug|Any CPU
		{3B617DA4-0F98-6AAA-FD89-B6D82A540417}.Release|Any CPU.ActiveCfg = Release|Any CPU
		{3B617DA4-0F98-6AAA-FD89-B6D82A540417}.Release|Any CPU.Build.0 = Release|Any CPU
		{C490DB1B-FC9F-4F1C-DA1F-C4925C555BE4}.Debug|Any CPU.ActiveCfg = Debug|Any CPU
		{C490DB1B-FC9F-4F1C-DA1F-C4925C555BE4}.Debug|Any CPU.Build.0 = Debug|Any CPU
		{C490DB1B-FC9F-4F1C-DA1F-C4925C555BE4}.Release|Any CPU.ActiveCfg = Release|Any CPU
		{C490DB1B-FC9F-4F1C-DA1F-C4925C555BE4}.Release|Any CPU.Build.0 = Release|Any CPU
		{1E886DDB-2C3C-F1E7-4212-FC0AEC8F8938}.Debug|Any CPU.ActiveCfg = Debug|Any CPU
		{1E886DDB-2C3C-F1E7-4212-FC0AEC8F8938}.Debug|Any CPU.Build.0 = Debug|Any CPU
		{1E886DDB-2C3C-F1E7-4212-FC0AEC8F8938}.Release|Any CPU.ActiveCfg = Release|Any CPU
		{1E886DDB-2C3C-F1E7-4212-FC0AEC8F8938}.Release|Any CPU.Build.0 = Release|Any CPU
		{C1A62A43-85D3-500A-0803-D2D7CBF63353}.Debug|Any CPU.ActiveCfg = Debug|Any CPU
		{C1A62A43-85D3-500A-0803-D2D7CBF63353}.Debug|Any CPU.Build.0 = Debug|Any CPU
		{C1A62A43-85D3-500A-0803-D2D7CBF63353}.Release|Any CPU.ActiveCfg = Release|Any CPU
		{C1A62A43-85D3-500A-0803-D2D7CBF63353}.Release|Any CPU.Build.0 = Release|Any CPU
		{A4B52B6A-A7CF-B399-358E-8E344101CD51}.Debug|Any CPU.ActiveCfg = Debug|Any CPU
		{A4B52B6A-A7CF-B399-358E-8E344101CD51}.Debug|Any CPU.Build.0 = Debug|Any CPU
		{A4B52B6A-A7CF-B399-358E-8E344101CD51}.Release|Any CPU.ActiveCfg = Release|Any CPU
		{A4B52B6A-A7CF-B399-358E-8E344101CD51}.Release|Any CPU.Build.0 = Release|Any CPU
	EndGlobalSection
	GlobalSection(SolutionProperties) = preSolution
		HideSolutionNode = FALSE
	EndGlobalSection
	GlobalSection(NestedProjects) = preSolution
		{3B617DA4-0F98-6AAA-FD89-B6D82A540417} = {C03BBACB-DE61-0C54-3577-A148D74783EB}
		{C490DB1B-FC9F-4F1C-DA1F-C4925C555BE4} = {C03BBACB-DE61-0C54-3577-A148D74783EB}
		{7BBE630B-088D-3894-907C-E2C4E8023468} = {C03BBACB-DE61-0C54-3577-A148D74783EB}
		{1E886DDB-2C3C-F1E7-4212-FC0AEC8F8938} = {7BBE630B-088D-3894-907C-E2C4E8023468}
		{C1A62A43-85D3-500A-0803-D2D7CBF63353} = {7BBE630B-088D-3894-907C-E2C4E8023468}
		{A4B52B6A-A7CF-B399-358E-8E344101CD51} = {7BBE630B-088D-3894-907C-E2C4E8023468}
	EndGlobalSection
	GlobalSection(ExtensibilityGlobals) = postSolution
		SolutionGuid = {5C6560ED-A89D-4D39-8C2A-CECA44346BA6}
	EndGlobalSection
EndGlobal
